
Microsoft Visual Studio Solution File, Format Version 12.00
# Visual Studio Version 17
VisualStudioVersion = 17.5.002.0
MinimumVisualStudioVersion = 10.0.40219.1
Project("{2150E333-8FDC-42A3-9474-1A3956D46DE8}") = "csharp-prep", "csharp-prep", "{D00D7A9E-AE77-4990-86CF-8B9BF2F726B9}"
EndProject
Project("{9A19103F-16F7-4668-BE54-9A1E7A4F7556}") = "Prep1", "csharp-prep\Prep1\Prep1.csproj", "{DC13B79D-31B9-466F-8F04-928D7349E479}"
EndProject
Project("{9A19103F-16F7-4668-BE54-9A1E7A4F7556}") = "Prep2", "csharp-prep\Prep2\Prep2.csproj", "{121631E7-298E-4FF8-985A-15E4CD810D97}"
EndProject
Project("{9A19103F-16F7-4668-BE54-9A1E7A4F7556}") = "Prep3", "csharp-prep\Prep3\Prep3.csproj", "{176ABEF2-A5C7-4323-A041-E1741F1F779F}"
EndProject
Project("{9A19103F-16F7-4668-BE54-9A1E7A4F7556}") = "Prep4", "csharp-prep\Prep4\Prep4.csproj", "{2003706D-E799-44A3-859A-B36701B4E3F4}"
EndProject
Project("{9A19103F-16F7-4668-BE54-9A1E7A4F7556}") = "Prep5", "csharp-prep\Prep5\Prep5.csproj", "{AB414704-8253-4D61-B396-021CF7039D5E}"
EndProject
Project("{2150E333-8FDC-42A3-9474-1A3956D46DE8}") = "final", "final", "{387ACA90-9474-4F5D-BB42-E61B819366AB}"
EndProject
Project("{9A19103F-16F7-4668-BE54-9A1E7A4F7556}") = "FinalProject", "final\FinalProject\FinalProject.csproj", "{3EDF7215-9C45-496C-AA6F-95BD45BDE6D5}"
EndProject
Project("{9A19103F-16F7-4668-BE54-9A1E7A4F7556}") = "Foundation1", "final\Foundation1\Foundation1.csproj", "{CF5621FC-DF1F-4B5C-8196-02FF70E7CAD6}"
EndProject
Project("{9A19103F-16F7-4668-BE54-9A1E7A4F7556}") = "Foundation2", "final\Foundation2\Foundation2.csproj", "{683BB34A-80AB-427B-862B-4E5AD4099FDB}"
EndProject
Project("{9A19103F-16F7-4668-BE54-9A1E7A4F7556}") = "Foundation3", "final\Foundation3\Foundation3.csproj", "{F81A5334-DB51-4B51-9E3E-64B1210F06B5}"
EndProject
Project("{9A19103F-16F7-4668-BE54-9A1E7A4F7556}") = "Foundation4", "final\Foundation4\Foundation4.csproj", "{DCD6B466-3ECD-4437-90D4-889A5D7DCBE7}"
EndProject
Project("{2150E333-8FDC-42A3-9474-1A3956D46DE8}") = "prepare", "prepare", "{C3CEE805-FEA0-4BAC-A3ED-6E4EE7F40E51}"
EndProject
Project("{9A19103F-16F7-4668-BE54-9A1E7A4F7556}") = "Learning02", "prepare\Learning02\Learning02.csproj", "{3B7F35FB-51C0-4EA2-8473-EAC303D5C82C}"
EndProject
Project("{9A19103F-16F7-4668-BE54-9A1E7A4F7556}") = "Learning03", "prepare\Learning03\Learning03.csproj", "{52FB90D0-62F4-4A3B-930A-E11DD2463F34}"
EndProject
Project("{9A19103F-16F7-4668-BE54-9A1E7A4F7556}") = "Learning04", "prepare\Learning04\Learning04.csproj", "{056A6177-72C5-43E7-A618-66A7C4CB4F7B}"
EndProject
Project("{9A19103F-16F7-4668-BE54-9A1E7A4F7556}") = "Learning05", "prepare\Learning05\Learning05.csproj", "{801AB4AD-7338-443E-8D43-61938157BEB5}"
EndProject
Project("{2150E333-8FDC-42A3-9474-1A3956D46DE8}") = "prove", "prove", "{A082CC99-31B3-4BBE-8B8A-6789488AE5BD}"
EndProject
Project("{9A19103F-16F7-4668-BE54-9A1E7A4F7556}") = "Develop02", "prove\Develop02\Develop02.csproj", "{29518688-1870-447A-9DDE-4E891E841510}"
EndProject
Project("{9A19103F-16F7-4668-BE54-9A1E7A4F7556}") = "Develop03", "prove\Develop03\Develop03.csproj", "{BE8BEE07-C652-4BE8-BFFF-9B2C9F03AC6B}"
EndProject
Project("{9A19103F-16F7-4668-BE54-9A1E7A4F7556}") = "Develop04", "prove\Develop04\Develop04.csproj", "{BA802F20-0CAA-4B1A-B49F-0348FE33B7BE}"
EndProject
Project("{9A19103F-16F7-4668-BE54-9A1E7A4F7556}") = "Develop05", "prove\Develop05\Develop05.csproj", "{C735DD87-0268-40E7-B447-560E303F9890}"
EndProject
Project("{2150E333-8FDC-42A3-9474-1A3956D46DE8}") = "sandbox", "sandbox", "{ED0BE93B-6251-4EAF-8729-CBC5B6C655AF}"
EndProject
Project("{9A19103F-16F7-4668-BE54-9A1E7A4F7556}") = "Sandbox", "sandbox\Sandbox\Sandbox.csproj", "{D0733463-009A-41AB-9C66-197D585FB93B}"
EndProject
Global
	GlobalSection(SolutionConfigurationPlatforms) = preSolution
		Debug|Any CPU = Debug|Any CPU
		Release|Any CPU = Release|Any CPU
	EndGlobalSection
	GlobalSection(ProjectConfigurationPlatforms) = postSolution
		{DC13B79D-31B9-466F-8F04-928D7349E479}.Debug|Any CPU.ActiveCfg = Debug|Any CPU
		{DC13B79D-31B9-466F-8F04-928D7349E479}.Debug|Any CPU.Build.0 = Debug|Any CPU
		{DC13B79D-31B9-466F-8F04-928D7349E479}.Release|Any CPU.ActiveCfg = Release|Any CPU
		{DC13B79D-31B9-466F-8F04-928D7349E479}.Release|Any CPU.Build.0 = Release|Any CPU
		{121631E7-298E-4FF8-985A-15E4CD810D97}.Debug|Any CPU.ActiveCfg = Debug|Any CPU
		{121631E7-298E-4FF8-985A-15E4CD810D97}.Debug|Any CPU.Build.0 = Debug|Any CPU
		{121631E7-298E-4FF8-985A-15E4CD810D97}.Release|Any CPU.ActiveCfg = Release|Any CPU
		{121631E7-298E-4FF8-985A-15E4CD810D97}.Release|Any CPU.Build.0 = Release|Any CPU
		{176ABEF2-A5C7-4323-A041-E1741F1F779F}.Debug|Any CPU.ActiveCfg = Debug|Any CPU
		{176ABEF2-A5C7-4323-A041-E1741F1F779F}.Debug|Any CPU.Build.0 = Debug|Any CPU
		{176ABEF2-A5C7-4323-A041-E1741F1F779F}.Release|Any CPU.ActiveCfg = Release|Any CPU
		{176ABEF2-A5C7-4323-A041-E1741F1F779F}.Release|Any CPU.Build.0 = Release|Any CPU
		{2003706D-E799-44A3-859A-B36701B4E3F4}.Debug|Any CPU.ActiveCfg = Debug|Any CPU
		{2003706D-E799-44A3-859A-B36701B4E3F4}.Debug|Any CPU.Build.0 = Debug|Any CPU
		{2003706D-E799-44A3-859A-B36701B4E3F4}.Release|Any CPU.ActiveCfg = Release|Any CPU
		{2003706D-E799-44A3-859A-B36701B4E3F4}.Release|Any CPU.Build.0 = Release|Any CPU
		{AB414704-8253-4D61-B396-021CF7039D5E}.Debug|Any CPU.ActiveCfg = Debug|Any CPU
		{AB414704-8253-4D61-B396-021CF7039D5E}.Debug|Any CPU.Build.0 = Debug|Any CPU
		{AB414704-8253-4D61-B396-021CF7039D5E}.Release|Any CPU.ActiveCfg = Release|Any CPU
		{AB414704-8253-4D61-B396-021CF7039D5E}.Release|Any CPU.Build.0 = Release|Any CPU
		{3EDF7215-9C45-496C-AA6F-95BD45BDE6D5}.Debug|Any CPU.ActiveCfg = Debug|Any CPU
		{3EDF7215-9C45-496C-AA6F-95BD45BDE6D5}.Debug|Any CPU.Build.0 = Debug|Any CPU
		{3EDF7215-9C45-496C-AA6F-95BD45BDE6D5}.Release|Any CPU.ActiveCfg = Release|Any CPU
		{3EDF7215-9C45-496C-AA6F-95BD45BDE6D5}.Release|Any CPU.Build.0 = Release|Any CPU
		{CF5621FC-DF1F-4B5C-8196-02FF70E7CAD6}.Debug|Any CPU.ActiveCfg = Debug|Any CPU
		{CF5621FC-DF1F-4B5C-8196-02FF70E7CAD6}.Debug|Any CPU.Build.0 = Debug|Any CPU
		{CF5621FC-DF1F-4B5C-8196-02FF70E7CAD6}.Release|Any CPU.ActiveCfg = Release|Any CPU
		{CF5621FC-DF1F-4B5C-8196-02FF70E7CAD6}.Release|Any CPU.Build.0 = Release|Any CPU
		{683BB34A-80AB-427B-862B-4E5AD4099FDB}.Debug|Any CPU.ActiveCfg = Debug|Any CPU
		{683BB34A-80AB-427B-862B-4E5AD4099FDB}.Debug|Any CPU.Build.0 = Debug|Any CPU
		{683BB34A-80AB-427B-862B-4E5AD4099FDB}.Release|Any CPU.ActiveCfg = Release|Any CPU
		{683BB34A-80AB-427B-862B-4E5AD4099FDB}.Release|Any CPU.Build.0 = Release|Any CPU
		{F81A5334-DB51-4B51-9E3E-64B1210F06B5}.Debug|Any CPU.ActiveCfg = Debug|Any CPU
		{F81A5334-DB51-4B51-9E3E-64B1210F06B5}.Debug|Any CPU.Build.0 = Debug|Any CPU
		{F81A5334-DB51-4B51-9E3E-64B1210F06B5}.Release|Any CPU.ActiveCfg = Release|Any CPU
		{F81A5334-DB51-4B51-9E3E-64B1210F06B5}.Release|Any CPU.Build.0 = Release|Any CPU
		{DCD6B466-3ECD-4437-90D4-889A5D7DCBE7}.Debug|Any CPU.ActiveCfg = Debug|Any CPU
		{DCD6B466-3ECD-4437-90D4-889A5D7DCBE7}.Debug|Any CPU.Build.0 = Debug|Any CPU
		{DCD6B466-3ECD-4437-90D4-889A5D7DCBE7}.Release|Any CPU.ActiveCfg = Release|Any CPU
		{DCD6B466-3ECD-4437-90D4-889A5D7DCBE7}.Release|Any CPU.Build.0 = Release|Any CPU
		{3B7F35FB-51C0-4EA2-8473-EAC303D5C82C}.Debug|Any CPU.ActiveCfg = Debug|Any CPU
		{3B7F35FB-51C0-4EA2-8473-EAC303D5C82C}.Debug|Any CPU.Build.0 = Debug|Any CPU
		{3B7F35FB-51C0-4EA2-8473-EAC303D5C82C}.Release|Any CPU.ActiveCfg = Release|Any CPU
		{3B7F35FB-51C0-4EA2-8473-EAC303D5C82C}.Release|Any CPU.Build.0 = Release|Any CPU
		{52FB90D0-62F4-4A3B-930A-E11DD2463F34}.Debug|Any CPU.ActiveCfg = Debug|Any CPU
		{52FB90D0-62F4-4A3B-930A-E11DD2463F34}.Debug|Any CPU.Build.0 = Debug|Any CPU
		{52FB90D0-62F4-4A3B-930A-E11DD2463F34}.Release|Any CPU.ActiveCfg = Release|Any CPU
		{52FB90D0-62F4-4A3B-930A-E11DD2463F34}.Release|Any CPU.Build.0 = Release|Any CPU
		{056A6177-72C5-43E7-A618-66A7C4CB4F7B}.Debug|Any CPU.ActiveCfg = Debug|Any CPU
		{056A6177-72C5-43E7-A618-66A7C4CB4F7B}.Debug|Any CPU.Build.0 = Debug|Any CPU
		{056A6177-72C5-43E7-A618-66A7C4CB4F7B}.Release|Any CPU.ActiveCfg = Release|Any CPU
		{056A6177-72C5-43E7-A618-66A7C4CB4F7B}.Release|Any CPU.Build.0 = Release|Any CPU
		{801AB4AD-7338-443E-8D43-61938157BEB5}.Debug|Any CPU.ActiveCfg = Debug|Any CPU
		{801AB4AD-7338-443E-8D43-61938157BEB5}.Debug|Any CPU.Build.0 = Debug|Any CPU
		{801AB4AD-7338-443E-8D43-61938157BEB5}.Release|Any CPU.ActiveCfg = Release|Any CPU
		{801AB4AD-7338-443E-8D43-61938157BEB5}.Release|Any CPU.Build.0 = Release|Any CPU
		{29518688-1870-447A-9DDE-4E891E841510}.Debug|Any CPU.ActiveCfg = Debug|Any CPU
		{29518688-1870-447A-9DDE-4E891E841510}.Debug|Any CPU.Build.0 = Debug|Any CPU
		{29518688-1870-447A-9DDE-4E891E841510}.Release|Any CPU.ActiveCfg = Release|Any CPU
		{29518688-1870-447A-9DDE-4E891E841510}.Release|Any CPU.Build.0 = Release|Any CPU
		{BE8BEE07-C652-4BE8-BFFF-9B2C9F03AC6B}.Debug|Any CPU.ActiveCfg = Debug|Any CPU
		{BE8BEE07-C652-4BE8-BFFF-9B2C9F03AC6B}.Debug|Any CPU.Build.0 = Debug|Any CPU
		{BE8BEE07-C652-4BE8-BFFF-9B2C9F03AC6B}.Release|Any CPU.ActiveCfg = Release|Any CPU
		{BE8BEE07-C652-4BE8-BFFF-9B2C9F03AC6B}.Release|Any CPU.Build.0 = Release|Any CPU
		{BA802F20-0CAA-4B1A-B49F-0348FE33B7BE}.Debug|Any CPU.ActiveCfg = Debug|Any CPU
		{BA802F20-0CAA-4B1A-B49F-0348FE33B7BE}.Debug|Any CPU.Build.0 = Debug|Any CPU
		{BA802F20-0CAA-4B1A-B49F-0348FE33B7BE}.Release|Any CPU.ActiveCfg = Release|Any CPU
		{BA802F20-0CAA-4B1A-B49F-0348FE33B7BE}.Release|Any CPU.Build.0 = Release|Any CPU
		{C735DD87-0268-40E7-B447-560E303F9890}.Debug|Any CPU.ActiveCfg = Debug|Any CPU
		{C735DD87-0268-40E7-B447-560E303F9890}.Debug|Any CPU.Build.0 = Debug|Any CPU
		{C735DD87-0268-40E7-B447-560E303F9890}.Release|Any CPU.ActiveCfg = Release|Any CPU
		{C735DD87-0268-40E7-B447-560E303F9890}.Release|Any CPU.Build.0 = Release|Any CPU
		{D0733463-009A-41AB-9C66-197D585FB93B}.Debug|Any CPU.ActiveCfg = Debug|Any CPU
		{D0733463-009A-41AB-9C66-197D585FB93B}.Debug|Any CPU.Build.0 = Debug|Any CPU
		{D0733463-009A-41AB-9C66-197D585FB93B}.Release|Any CPU.ActiveCfg = Release|Any CPU
		{D0733463-009A-41AB-9C66-197D585FB93B}.Release|Any CPU.Build.0 = Release|Any CPU
	EndGlobalSection
	GlobalSection(SolutionProperties) = preSolution
		HideSolutionNode = FALSE
	EndGlobalSection
	GlobalSection(NestedProjects) = preSolution
		{DC13B79D-31B9-466F-8F04-928D7349E479} = {D00D7A9E-AE77-4990-86CF-8B9BF2F726B9}
		{121631E7-298E-4FF8-985A-15E4CD810D97} = {D00D7A9E-AE77-4990-86CF-8B9BF2F726B9}
		{176ABEF2-A5C7-4323-A041-E1741F1F779F} = {D00D7A9E-AE77-4990-86CF-8B9BF2F726B9}
		{2003706D-E799-44A3-859A-B36701B4E3F4} = {D00D7A9E-AE77-4990-86CF-8B9BF2F726B9}
		{AB414704-8253-4D61-B396-021CF7039D5E} = {D00D7A9E-AE77-4990-86CF-8B9BF2F726B9}
		{3EDF7215-9C45-496C-AA6F-95BD45BDE6D5} = {387ACA90-9474-4F5D-BB42-E61B819366AB}
		{CF5621FC-DF1F-4B5C-8196-02FF70E7CAD6} = {387ACA90-9474-4F5D-BB42-E61B819366AB}
		{683BB34A-80AB-427B-862B-4E5AD4099FDB} = {387ACA90-9474-4F5D-BB42-E61B819366AB}
		{F81A5334-DB51-4B51-9E3E-64B1210F06B5} = {387ACA90-9474-4F5D-BB42-E61B819366AB}
		{DCD6B466-3ECD-4437-90D4-889A5D7DCBE7} = {387ACA90-9474-4F5D-BB42-E61B819366AB}
		{3B7F35FB-51C0-4EA2-8473-EAC303D5C82C} = {C3CEE805-FEA0-4BAC-A3ED-6E4EE7F40E51}
		{52FB90D0-62F4-4A3B-930A-E11DD2463F34} = {C3CEE805-FEA0-4BAC-A3ED-6E4EE7F40E51}
		{056A6177-72C5-43E7-A618-66A7C4CB4F7B} = {C3CEE805-FEA0-4BAC-A3ED-6E4EE7F40E51}
		{801AB4AD-7338-443E-8D43-61938157BEB5} = {C3CEE805-FEA0-4BAC-A3ED-6E4EE7F40E51}
		{29518688-1870-447A-9DDE-4E891E841510} = {A082CC99-31B3-4BBE-8B8A-6789488AE5BD}
		{BE8BEE07-C652-4BE8-BFFF-9B2C9F03AC6B} = {A082CC99-31B3-4BBE-8B8A-6789488AE5BD}
		{BA802F20-0CAA-4B1A-B49F-0348FE33B7BE} = {A082CC99-31B3-4BBE-8B8A-6789488AE5BD}
		{C735DD87-0268-40E7-B447-560E303F9890} = {A082CC99-31B3-4BBE-8B8A-6789488AE5BD}
		{D0733463-009A-41AB-9C66-197D585FB93B} = {ED0BE93B-6251-4EAF-8729-CBC5B6C655AF}
	EndGlobalSection
	GlobalSection(ExtensibilityGlobals) = postSolution
		SolutionGuid = {9C1F7F31-C894-4E73-B44A-AF41FED10A8F}
	EndGlobalSection
EndGlobal
